
Microsoft Visual Studio Solution File, Format Version 12.00
# Visual Studio 14
VisualStudioVersion = 14.0.23107.0
MinimumVisualStudioVersion = 10.0.40219.1
Project("{FAE04EC0-301F-11D3-BF4B-00C04F79EFBC}") = "CPI", "CPI\CPI.csproj", "{3456703C-8034-4ECB-8DB1-DE929150ACA5}"
EndProject
Project("{FAE04EC0-301F-11D3-BF4B-00C04F79EFBC}") = "Data", "Data\Data.csproj", "{ED417916-7697-43C7-A591-7B1A922C52C8}"
EndProject
Global
	GlobalSection(SolutionConfigurationPlatforms) = preSolution
		Debug|Any CPU = Debug|Any CPU
		Release|Any CPU = Release|Any CPU
	EndGlobalSection
	GlobalSection(ProjectConfigurationPlatforms) = postSolution
		{3456703C-8034-4ECB-8DB1-DE929150ACA5}.Debug|Any CPU.ActiveCfg = Debug|Any CPU
		{3456703C-8034-4ECB-8DB1-DE929150ACA5}.Debug|Any CPU.Build.0 = Debug|Any CPU
		{3456703C-8034-4ECB-8DB1-DE929150ACA5}.Release|Any CPU.ActiveCfg = Release|Any CPU
		{3456703C-8034-4ECB-8DB1-DE929150ACA5}.Release|Any CPU.Build.0 = Release|Any CPU
		{ED417916-7697-43C7-A591-7B1A922C52C8}.Debug|Any CPU.ActiveCfg = Debug|Any CPU
		{ED417916-7697-43C7-A591-7B1A922C52C8}.Debug|Any CPU.Build.0 = Debug|Any CPU
		{ED417916-7697-43C7-A591-7B1A922C52C8}.Release|Any CPU.ActiveCfg = Release|Any CPU
		{ED417916-7697-43C7-A591-7B1A922C52C8}.Release|Any CPU.Build.0 = Release|Any CPU
	EndGlobalSection
	GlobalSection(SolutionProperties) = preSolution
		HideSolutionNode = FALSE
	EndGlobalSection
EndGlobal
